
Microsoft Visual Studio Solution File, Format Version 12.00
# Visual Studio Version 17
VisualStudioVersion = 17.1.32228.430
MinimumVisualStudioVersion = 10.0.40219.1
Project("{9A19103F-16F7-4668-BE54-9A1E7A4F7556}") = "QuestEyes-Server", "QuestEyes-Server\QuestEyes-Server.csproj", "{EE54BA26-CCA0-4C5C-84AF-BDA4CEE3D6E1}"
EndProject
Global
	GlobalSection(SolutionConfigurationPlatforms) = preSolution
		Debug|Any CPU = Debug|Any CPU
		Debug|x64 = Debug|x64
		Release|Any CPU = Release|Any CPU
		Release|x64 = Release|x64
	EndGlobalSection
	GlobalSection(ProjectConfigurationPlatforms) = postSolution
		{EE54BA26-CCA0-4C5C-84AF-BDA4CEE3D6E1}.Debug|Any CPU.ActiveCfg = Debug|Any CPU
		{EE54BA26-CCA0-4C5C-84AF-BDA4CEE3D6E1}.Debug|Any CPU.Build.0 = Debug|Any CPU
		{EE54BA26-CCA0-4C5C-84AF-BDA4CEE3D6E1}.Debug|x64.ActiveCfg = Debug|x64
		{EE54BA26-CCA0-4C5C-84AF-BDA4CEE3D6E1}.Debug|x64.Build.0 = Debug|x64
		{EE54BA26-CCA0-4C5C-84AF-BDA4CEE3D6E1}.Release|Any CPU.ActiveCfg = Release|Any CPU
		{EE54BA26-CCA0-4C5C-84AF-BDA4CEE3D6E1}.Release|Any CPU.Build.0 = Release|Any CPU
		{EE54BA26-CCA0-4C5C-84AF-BDA4CEE3D6E1}.Release|x64.ActiveCfg = Release|Any CPU
		{EE54BA26-CCA0-4C5C-84AF-BDA4CEE3D6E1}.Release|x64.Build.0 = Release|Any CPU
	EndGlobalSection
	GlobalSection(SolutionProperties) = preSolution
		HideSolutionNode = FALSE
	EndGlobalSection
	GlobalSection(ExtensibilityGlobals) = postSolution
		SolutionGuid = {3E5391A6-CA22-46FA-8DF8-6B44D8528FB7}
	EndGlobalSection
EndGlobal
